// !$*UTF8*$!
{
	archiveVersion = 1;
	classes = {
	};
	objectVersion = 46;
	objects = {

/* Begin PBXBuildFile section */
		D41963B11BB004A2002ED6F9 /* Settings.bundle in Resources */ = {isa = PBXBuildFile; fileRef = D41963B01BB004A2002ED6F9 /* Settings.bundle */; };
		D45892C61B98500100EB8DCC /* main.m in Sources */ = {isa = PBXBuildFile; fileRef = D45892C51B98500100EB8DCC /* main.m */; };
		D45892C91B98500100EB8DCC /* AppDelegate.m in Sources */ = {isa = PBXBuildFile; fileRef = D45892C81B98500100EB8DCC /* AppDelegate.m */; };
		D45892CC1B98500100EB8DCC /* LoginScreen.m in Sources */ = {isa = PBXBuildFile; fileRef = D45892CB1B98500100EB8DCC /* LoginScreen.m */; };
		D45892D11B98500100EB8DCC /* Images.xcassets in Resources */ = {isa = PBXBuildFile; fileRef = D45892D01B98500100EB8DCC /* Images.xcassets */; };
		D45AEF411BA00F740075185C /* MapKit.framework in Frameworks */ = {isa = PBXBuildFile; fileRef = D45AEF401BA00F740075185C /* MapKit.framework */; };
		D4ECE1D31B986054006D5142 /* BuoyScreen.m in Sources */ = {isa = PBXBuildFile; fileRef = D4ECE1D21B986054006D5142 /* BuoyScreen.m */; };
		D4ECE1D61B988B02006D5142 /* Interface.m in Sources */ = {isa = PBXBuildFile; fileRef = D4ECE1D51B988B02006D5142 /* Interface.m */; };
		D4ECE1D91B988B84006D5142 /* DataModel.m in Sources */ = {isa = PBXBuildFile; fileRef = D4ECE1D81B988B84006D5142 /* DataModel.m */; };
		D4ECE1DB1B989EE4006D5142 /* Launch.xib in Resources */ = {isa = PBXBuildFile; fileRef = D4ECE1DA1B989EE4006D5142 /* Launch.xib */; };
/* End PBXBuildFile section */

/* Begin PBXContainerItemProxy section */
		D45892DA1B98500100EB8DCC /* PBXContainerItemProxy */ = {
			isa = PBXContainerItemProxy;
			containerPortal = D45892B81B98500100EB8DCC /* Project object */;
			proxyType = 1;
			remoteGlobalIDString = D45892BF1B98500100EB8DCC;
			remoteInfo = "Flood MS iOS";
		};
/* End PBXContainerItemProxy section */

/* Begin PBXFileReference section */
		D41963B01BB004A2002ED6F9 /* Settings.bundle */ = {isa = PBXFileReference; lastKnownFileType = "wrapper.plug-in"; path = Settings.bundle; sourceTree = "<group>"; };
		D45892C01B98500100EB8DCC /* Water Watcher.app */ = {isa = PBXFileReference; explicitFileType = wrapper.application; includeInIndex = 0; path = "Water Watcher.app"; sourceTree = BUILT_PRODUCTS_DIR; };
		D45892C41B98500100EB8DCC /* Info.plist */ = {isa = PBXFileReference; lastKnownFileType = text.plist.xml; path = Info.plist; sourceTree = "<group>"; };
		D45892C51B98500100EB8DCC /* main.m */ = {isa = PBXFileReference; lastKnownFileType = sourcecode.c.objc; path = main.m; sourceTree = "<group>"; };
		D45892C71B98500100EB8DCC /* AppDelegate.h */ = {isa = PBXFileReference; lastKnownFileType = sourcecode.c.h; path = AppDelegate.h; sourceTree = "<group>"; };
		D45892C81B98500100EB8DCC /* AppDelegate.m */ = {isa = PBXFileReference; lastKnownFileType = sourcecode.c.objc; path = AppDelegate.m; sourceTree = "<group>"; };
		D45892CA1B98500100EB8DCC /* LoginScreen.h */ = {isa = PBXFileReference; lastKnownFileType = sourcecode.c.h; path = LoginScreen.h; sourceTree = "<group>"; };
		D45892CB1B98500100EB8DCC /* LoginScreen.m */ = {isa = PBXFileReference; lastKnownFileType = sourcecode.c.objc; path = LoginScreen.m; sourceTree = "<group>"; };
		D45892D01B98500100EB8DCC /* Images.xcassets */ = {isa = PBXFileReference; lastKnownFileType = folder.assetcatalog; path = Images.xcassets; sourceTree = "<group>"; };
		D45892D91B98500100EB8DCC /* Water Watcher.xctest */ = {isa = PBXFileReference; explicitFileType = wrapper.cfbundle; includeInIndex = 0; path = "Water Watcher.xctest"; sourceTree = BUILT_PRODUCTS_DIR; };
		D45AEF401BA00F740075185C /* MapKit.framework */ = {isa = PBXFileReference; lastKnownFileType = wrapper.framework; name = MapKit.framework; path = System/Library/Frameworks/MapKit.framework; sourceTree = SDKROOT; };
		D4ECE1D11B986054006D5142 /* BuoyScreen.h */ = {isa = PBXFileReference; fileEncoding = 4; lastKnownFileType = sourcecode.c.h; path = BuoyScreen.h; sourceTree = "<group>"; };
		D4ECE1D21B986054006D5142 /* BuoyScreen.m */ = {isa = PBXFileReference; fileEncoding = 4; lastKnownFileType = sourcecode.c.objc; path = BuoyScreen.m; sourceTree = "<group>"; };
		D4ECE1D41B988B02006D5142 /* Interface.h */ = {isa = PBXFileReference; fileEncoding = 4; lastKnownFileType = sourcecode.c.h; path = Interface.h; sourceTree = "<group>"; };
		D4ECE1D51B988B02006D5142 /* Interface.m */ = {isa = PBXFileReference; fileEncoding = 4; lastKnownFileType = sourcecode.c.objc; path = Interface.m; sourceTree = "<group>"; };
		D4ECE1D71B988B84006D5142 /* DataModel.h */ = {isa = PBXFileReference; fileEncoding = 4; lastKnownFileType = sourcecode.c.h; path = DataModel.h; sourceTree = "<group>"; };
		D4ECE1D81B988B84006D5142 /* DataModel.m */ = {isa = PBXFileReference; fileEncoding = 4; lastKnownFileType = sourcecode.c.objc; path = DataModel.m; sourceTree = "<group>"; };
		D4ECE1DA1B989EE4006D5142 /* Launch.xib */ = {isa = PBXFileReference; fileEncoding = 4; lastKnownFileType = file.xib; path = Launch.xib; sourceTree = "<group>"; };
/* End PBXFileReference section */

/* Begin PBXFrameworksBuildPhase section */
		D45892BD1B98500100EB8DCC /* Frameworks */ = {
			isa = PBXFrameworksBuildPhase;
			buildActionMask = 2147483647;
			files = (
				D45AEF411BA00F740075185C /* MapKit.framework in Frameworks */,
			);
			runOnlyForDeploymentPostprocessing = 0;
		};
		D45892D61B98500100EB8DCC /* Frameworks */ = {
			isa = PBXFrameworksBuildPhase;
			buildActionMask = 2147483647;
			files = (
			);
			runOnlyForDeploymentPostprocessing = 0;
		};
/* End PBXFrameworksBuildPhase section */

/* Begin PBXGroup section */
		D45892B71B98500100EB8DCC = {
			isa = PBXGroup;
			children = (
				D41963B01BB004A2002ED6F9 /* Settings.bundle */,
				D45AEF401BA00F740075185C /* MapKit.framework */,
				D45892C11B98500100EB8DCC /* Products */,
				D45892C21B98500100EB8DCC /* FMSiOS */,
			);
			sourceTree = "<group>";
		};
		D45892C11B98500100EB8DCC /* Products */ = {
			isa = PBXGroup;
			children = (
				D45892C01B98500100EB8DCC /* Water Watcher.app */,
				D45892D91B98500100EB8DCC /* Water Watcher.xctest */,
			);
			name = Products;
			sourceTree = "<group>";
		};
		D45892C21B98500100EB8DCC /* FMSiOS */ = {
			isa = PBXGroup;
			children = (
				D45892C71B98500100EB8DCC /* AppDelegate.h */,
				D45892C81B98500100EB8DCC /* AppDelegate.m */,
				D4ECE1D71B988B84006D5142 /* DataModel.h */,
				D4ECE1D81B988B84006D5142 /* DataModel.m */,
				D4ECE1D41B988B02006D5142 /* Interface.h */,
				D4ECE1D51B988B02006D5142 /* Interface.m */,
				D45892CA1B98500100EB8DCC /* LoginScreen.h */,
				D45892CB1B98500100EB8DCC /* LoginScreen.m */,
				D4ECE1D11B986054006D5142 /* BuoyScreen.h */,
				D4ECE1D21B986054006D5142 /* BuoyScreen.m */,
				D45892D01B98500100EB8DCC /* Images.xcassets */,
				D4ECE1DA1B989EE4006D5142 /* Launch.xib */,
				D45892C31B98500100EB8DCC /* Supporting Files */,
			);
			path = FMSiOS;
			sourceTree = "<group>";
		};
		D45892C31B98500100EB8DCC /* Supporting Files */ = {
			isa = PBXGroup;
			children = (
				D45892C41B98500100EB8DCC /* Info.plist */,
				D45892C51B98500100EB8DCC /* main.m */,
			);
			name = "Supporting Files";
			sourceTree = "<group>";
		};
/* End PBXGroup section */

/* Begin PBXNativeTarget section */
		D45892BF1B98500100EB8DCC /* Water Watcher */ = {
			isa = PBXNativeTarget;
			buildConfigurationList = D45892E31B98500100EB8DCC /* Build configuration list for PBXNativeTarget "Water Watcher" */;
			buildPhases = (
				D45892BC1B98500100EB8DCC /* Sources */,
				D45892BD1B98500100EB8DCC /* Frameworks */,
				D45892BE1B98500100EB8DCC /* Resources */,
			);
			buildRules = (
			);
			dependencies = (
			);
			name = "Water Watcher";
			productName = "Flood MS iOS";
			productReference = D45892C01B98500100EB8DCC /* Water Watcher.app */;
			productType = "com.apple.product-type.application";
		};
		D45892D81B98500100EB8DCC /* Water WatcherTests */ = {
			isa = PBXNativeTarget;
			buildConfigurationList = D45892E61B98500100EB8DCC /* Build configuration list for PBXNativeTarget "Water WatcherTests" */;
			buildPhases = (
				D45892D51B98500100EB8DCC /* Sources */,
				D45892D61B98500100EB8DCC /* Frameworks */,
				D45892D71B98500100EB8DCC /* Resources */,
			);
			buildRules = (
			);
			dependencies = (
				D45892DB1B98500100EB8DCC /* PBXTargetDependency */,
			);
			name = "Water WatcherTests";
			productName = "Flood MS iOSTests";
			productReference = D45892D91B98500100EB8DCC /* Water Watcher.xctest */;
			productType = "com.apple.product-type.bundle.unit-test";
		};
/* End PBXNativeTarget section */

/* Begin PBXProject section */
		D45892B81B98500100EB8DCC /* Project object */ = {
			isa = PBXProject;
			attributes = {
				LastUpgradeCheck = 0700;
				ORGANIZATIONNAME = "Team Neptune";
				TargetAttributes = {
					D45892BF1B98500100EB8DCC = {
						CreatedOnToolsVersion = 6.4;
						DevelopmentTeam = DKE33T42WH;
					};
					D45892D81B98500100EB8DCC = {
						CreatedOnToolsVersion = 6.4;
						TestTargetID = D45892BF1B98500100EB8DCC;
					};
				};
			};
			buildConfigurationList = D45892BB1B98500100EB8DCC /* Build configuration list for PBXProject "Water Watcher" */;
			compatibilityVersion = "Xcode 3.2";
			developmentRegion = English;
			hasScannedForEncodings = 0;
			knownRegions = (
				en,
				Base,
			);
			mainGroup = D45892B71B98500100EB8DCC;
			productRefGroup = D45892C11B98500100EB8DCC /* Products */;
			projectDirPath = "";
			projectRoot = "";
			targets = (
				D45892BF1B98500100EB8DCC /* Water Watcher */,
				D45892D81B98500100EB8DCC /* Water WatcherTests */,
			);
		};
/* End PBXProject section */

/* Begin PBXResourcesBuildPhase section */
		D45892BE1B98500100EB8DCC /* Resources */ = {
			isa = PBXResourcesBuildPhase;
			buildActionMask = 2147483647;
			files = (
				D4ECE1DB1B989EE4006D5142 /* Launch.xib in Resources */,
				D41963B11BB004A2002ED6F9 /* Settings.bundle in Resources */,
				D45892D11B98500100EB8DCC /* Images.xcassets in Resources */,
			);
			runOnlyForDeploymentPostprocessing = 0;
		};
		D45892D71B98500100EB8DCC /* Resources */ = {
			isa = PBXResourcesBuildPhase;
			buildActionMask = 2147483647;
			files = (
			);
			runOnlyForDeploymentPostprocessing = 0;
		};
/* End PBXResourcesBuildPhase section */

/* Begin PBXSourcesBuildPhase section */
		D45892BC1B98500100EB8DCC /* Sources */ = {
			isa = PBXSourcesBuildPhase;
			buildActionMask = 2147483647;
			files = (
				D4ECE1D61B988B02006D5142 /* Interface.m in Sources */,
				D45892CC1B98500100EB8DCC /* LoginScreen.m in Sources */,
				D45892C91B98500100EB8DCC /* AppDelegate.m in Sources */,
				D45892C61B98500100EB8DCC /* main.m in Sources */,
				D4ECE1D31B986054006D5142 /* BuoyScreen.m in Sources */,
				D4ECE1D91B988B84006D5142 /* DataModel.m in Sources */,
			);
			runOnlyForDeploymentPostprocessing = 0;
		};
		D45892D51B98500100EB8DCC /* Sources */ = {
			isa = PBXSourcesBuildPhase;
			buildActionMask = 2147483647;
			files = (
			);
			runOnlyForDeploymentPostprocessing = 0;
		};
/* End PBXSourcesBuildPhase section */

/* Begin PBXTargetDependency section */
		D45892DB1B98500100EB8DCC /* PBXTargetDependency */ = {
			isa = PBXTargetDependency;
			target = D45892BF1B98500100EB8DCC /* Water Watcher */;
			targetProxy = D45892DA1B98500100EB8DCC /* PBXContainerItemProxy */;
		};
/* End PBXTargetDependency section */

/* Begin XCBuildConfiguration section */
		D45892E11B98500100EB8DCC /* Debug */ = {
			isa = XCBuildConfiguration;
			buildSettings = {
				ALWAYS_SEARCH_USER_PATHS = NO;
				CLANG_CXX_LANGUAGE_STANDARD = "gnu++0x";
				CLANG_CXX_LIBRARY = "libc++";
				CLANG_ENABLE_MODULES = YES;
				CLANG_ENABLE_OBJC_ARC = YES;
				CLANG_WARN_BOOL_CONVERSION = YES;
				CLANG_WARN_CONSTANT_CONVERSION = YES;
				CLANG_WARN_DIRECT_OBJC_ISA_USAGE = YES_ERROR;
				CLANG_WARN_EMPTY_BODY = YES;
				CLANG_WARN_ENUM_CONVERSION = YES;
				CLANG_WARN_INT_CONVERSION = YES;
				CLANG_WARN_OBJC_ROOT_CLASS = YES_ERROR;
				CLANG_WARN_UNREACHABLE_CODE = YES;
				CLANG_WARN__DUPLICATE_METHOD_MATCH = YES;
				"CODE_SIGN_IDENTITY[sdk=iphoneos*]" = "iPhone Developer";
				COPY_PHASE_STRIP = NO;
				DEBUG_INFORMATION_FORMAT = "dwarf-with-dsym";
				ENABLE_STRICT_OBJC_MSGSEND = YES;
				ENABLE_TESTABILITY = YES;
				GCC_C_LANGUAGE_STANDARD = gnu99;
				GCC_DYNAMIC_NO_PIC = NO;
				GCC_NO_COMMON_BLOCKS = YES;
				GCC_OPTIMIZATION_LEVEL = 0;
				GCC_PREPROCESSOR_DEFINITIONS = (
					"DEBUG=1",
					"$(inherited)",
				);
				GCC_SYMBOLS_PRIVATE_EXTERN = NO;
				GCC_WARN_64_TO_32_BIT_CONVERSION = YES;
				GCC_WARN_ABOUT_RETURN_TYPE = YES_ERROR;
				GCC_WARN_UNDECLARED_SELECTOR = YES;
				GCC_WARN_UNINITIALIZED_AUTOS = YES_AGGRESSIVE;
				GCC_WARN_UNUSED_FUNCTION = YES;
				GCC_WARN_UNUSED_VARIABLE = YES;
				IPHONEOS_DEPLOYMENT_TARGET = 8.0;
				MTL_ENABLE_DEBUG_INFO = YES;
				ONLY_ACTIVE_ARCH = YES;
				SDKROOT = iphoneos;
				TARGETED_DEVICE_FAMILY = "1,2";
			};
			name = Debug;
		};
		D45892E21B98500100EB8DCC /* Release */ = {
			isa = XCBuildConfiguration;
			buildSettings = {
				ALWAYS_SEARCH_USER_PATHS = NO;
				CLANG_CXX_LANGUAGE_STANDARD = "gnu++0x";
				CLANG_CXX_LIBRARY = "libc++";
				CLANG_ENABLE_MODULES = YES;
				CLANG_ENABLE_OBJC_ARC = YES;
				CLANG_WARN_BOOL_CONVERSION = YES;
				CLANG_WARN_CONSTANT_CONVERSION = YES;
				CLANG_WARN_DIRECT_OBJC_ISA_USAGE = YES_ERROR;
				CLANG_WARN_EMPTY_BODY = YES;
				CLANG_WARN_ENUM_CONVERSION = YES;
				CLANG_WARN_INT_CONVERSION = YES;
				CLANG_WARN_OBJC_ROOT_CLASS = YES_ERROR;
				CLANG_WARN_UNREACHABLE_CODE = YES;
				CLANG_WARN__DUPLICATE_METHOD_MATCH = YES;
				"CODE_SIGN_IDENTITY[sdk=iphoneos*]" = "iPhone Developer";
				COPY_PHASE_STRIP = NO;
				DEBUG_INFORMATION_FORMAT = "dwarf-with-dsym";
				ENABLE_NS_ASSERTIONS = NO;
				ENABLE_STRICT_OBJC_MSGSEND = YES;
				GCC_C_LANGUAGE_STANDARD = gnu99;
				GCC_NO_COMMON_BLOCKS = YES;
				GCC_WARN_64_TO_32_BIT_CONVERSION = YES;
				GCC_WARN_ABOUT_RETURN_TYPE = YES_ERROR;
				GCC_WARN_UNDECLARED_SELECTOR = YES;
				GCC_WARN_UNINITIALIZED_AUTOS = YES_AGGRESSIVE;
				GCC_WARN_UNUSED_FUNCTION = YES;
				GCC_WARN_UNUSED_VARIABLE = YES;
				IPHONEOS_DEPLOYMENT_TARGET = 8.0;
				MTL_ENABLE_DEBUG_INFO = NO;
				SDKROOT = iphoneos;
				TARGETED_DEVICE_FAMILY = "1,2";
				VALIDATE_PRODUCT = YES;
			};
			name = Release;
		};
		D45892E41B98500100EB8DCC /* Debug */ = {
			isa = XCBuildConfiguration;
			buildSettings = {
				ASSETCATALOG_COMPILER_APPICON_NAME = AppIcon;
				CODE_SIGN_IDENTITY = "iPhone Developer";
				"CODE_SIGN_IDENTITY[sdk=iphoneos*]" = "iPhone Developer";
				INFOPLIST_FILE = "$(SRCROOT)/FMSiOS/Info.plist";
				LD_RUNPATH_SEARCH_PATHS = "$(inherited) @executable_path/Frameworks";
				PRODUCT_BUNDLE_IDENTIFIER = teamneptune.WaterWatcher;
				PRODUCT_NAME = "Water Watcher";
				PROVISIONING_PROFILE = "";
			};
			name = Debug;
		};
		D45892E51B98500100EB8DCC /* Release */ = {
			isa = XCBuildConfiguration;
			buildSettings = {
				ASSETCATALOG_COMPILER_APPICON_NAME = AppIcon;
				CODE_SIGN_IDENTITY = "iPhone Developer";
				"CODE_SIGN_IDENTITY[sdk=iphoneos*]" = "iPhone Developer";
				INFOPLIST_FILE = "$(SRCROOT)/FMSiOS/Info.plist";
				LD_RUNPATH_SEARCH_PATHS = "$(inherited) @executable_path/Frameworks";
				PRODUCT_BUNDLE_IDENTIFIER = teamneptune.WaterWatcher;
				PRODUCT_NAME = "Water Watcher";
				PROVISIONING_PROFILE = "";
			};
			name = Release;
		};
		D45892E71B98500100EB8DCC /* Debug */ = {
			isa = XCBuildConfiguration;
			buildSettings = {
				BUNDLE_LOADER = "$(TEST_HOST)";
				FRAMEWORK_SEARCH_PATHS = (
					"$(SDKROOT)/Developer/Library/Frameworks",
					"$(inherited)",
				);
				GCC_PREPROCESSOR_DEFINITIONS = (
					"DEBUG=1",
					"$(inherited)",
				);
				INFOPLIST_FILE = FMSiOSTests/Info.plist;
				LD_RUNPATH_SEARCH_PATHS = "$(inherited) @executable_path/Frameworks @loader_path/Frameworks";
				PRODUCT_BUNDLE_IDENTIFIER = "teamneptune.$(PRODUCT_NAME:rfc1034identifier)";
				PRODUCT_NAME = "Water Watcher";
				TEST_HOST = "$(BUILT_PRODUCTS_DIR)/Water Watcher.app/Water Watcher";
			};
			name = Debug;
		};
		D45892E81B98500100EB8DCC /* Release */ = {
			isa = XCBuildConfiguration;
			buildSettings = {
				BUNDLE_LOADER = "$(TEST_HOST)";
				FRAMEWORK_SEARCH_PATHS = (
					"$(SDKROOT)/Developer/Library/Frameworks",
					"$(inherited)",
				);
				INFOPLIST_FILE = FMSiOSTests/Info.plist;
				LD_RUNPATH_SEARCH_PATHS = "$(inherited) @executable_path/Frameworks @loader_path/Frameworks";
				PRODUCT_BUNDLE_IDENTIFIER = "teamneptune.$(PRODUCT_NAME:rfc1034identifier)";
				PRODUCT_NAME = "Water Watcher";
				TEST_HOST = "$(BUILT_PRODUCTS_DIR)/Water Watcher.app/Water Watcher";
			};
			name = Release;
		};
/* End XCBuildConfiguration section */

/* Begin XCConfigurationList section */
		D45892BB1B98500100EB8DCC /* Build configuration list for PBXProject "Water Watcher" */ = {
			isa = XCConfigurationList;
			buildConfigurations = (
				D45892E11B98500100EB8DCC /* Debug */,
				D45892E21B98500100EB8DCC /* Release */,
			);
			defaultConfigurationIsVisible = 0;
			defaultConfigurationName = Release;
		};
		D45892E31B98500100EB8DCC /* Build configuration list for PBXNativeTarget "Water Watcher" */ = {
			isa = XCConfigurationList;
			buildConfigurations = (
				D45892E41B98500100EB8DCC /* Debug */,
				D45892E51B98500100EB8DCC /* Release */,
			);
			defaultConfigurationIsVisible = 0;
			defaultConfigurationName = Release;
		};
		D45892E61B98500100EB8DCC /* Build configuration list for PBXNativeTarget "Water WatcherTests" */ = {
			isa = XCConfigurationList;
			buildConfigurations = (
				D45892E71B98500100EB8DCC /* Debug */,
				D45892E81B98500100EB8DCC /* Release */,
			);
			defaultConfigurationIsVisible = 0;
			defaultConfigurationName = Release;
		};
/* End XCConfigurationList section */
	};
	rootObject = D45892B81B98500100EB8DCC /* Project object */;
}
